
Microsoft Visual Studio Solution File, Format Version 12.00
# Visual Studio Version 17
VisualStudioVersion = 17.8.34330.188
MinimumVisualStudioVersion = 10.0.40219.1
Project("{FAE04EC0-301F-11D3-BF4B-00C04F79EFBC}") = "HomeApplianceManagementApp", "HomeApplianceManagementApp.csproj", "{ABDBDF6A-8C92-4362-A505-7458C45D4BF9}"
EndProject
Global
	GlobalSection(SolutionConfigurationPlatforms) = preSolution
		Debug|Any CPU = Debug|Any CPU
		Release|Any CPU = Release|Any CPU
	EndGlobalSection
	GlobalSection(ProjectConfigurationPlatforms) = postSolution
		{ABDBDF6A-8C92-4362-A505-7458C45D4BF9}.Debug|Any CPU.ActiveCfg = Debug|Any CPU
		{ABDBDF6A-8C92-4362-A505-7458C45D4BF9}.Debug|Any CPU.Build.0 = Debug|Any CPU
		{ABDBDF6A-8C92-4362-A505-7458C45D4BF9}.Release|Any CPU.ActiveCfg = Release|Any CPU
		{ABDBDF6A-8C92-4362-A505-7458C45D4BF9}.Release|Any CPU.Build.0 = Release|Any CPU
	EndGlobalSection
	GlobalSection(SolutionProperties) = preSolution
		HideSolutionNode = FALSE
	EndGlobalSection
	GlobalSection(ExtensibilityGlobals) = postSolution
		SolutionGuid = {54CB6747-54B2-4368-A188-FEA85A1885BE}
	EndGlobalSection
EndGlobal
